
Microsoft Visual Studio Solution File, Format Version 12.00
# Visual Studio Version 16
VisualStudioVersion = 16.0.31410.357
MinimumVisualStudioVersion = 10.0.40219.1
Project("{FAE04EC0-301F-11D3-BF4B-00C04F79EFBC}") = "MVCArchitecture", "MVCArchitecture\MVCArchitecture.csproj", "{D95FC41F-7F75-41FD-9F4B-BD65B005CCB7}"
EndProject
Global
	GlobalSection(SolutionConfigurationPlatforms) = preSolution
		Debug|Any CPU = Debug|Any CPU
		Release|Any CPU = Release|Any CPU
	EndGlobalSection
	GlobalSection(ProjectConfigurationPlatforms) = postSolution
		{D95FC41F-7F75-41FD-9F4B-BD65B005CCB7}.Debug|Any CPU.ActiveCfg = Debug|Any CPU
		{D95FC41F-7F75-41FD-9F4B-BD65B005CCB7}.Debug|Any CPU.Build.0 = Debug|Any CPU
		{D95FC41F-7F75-41FD-9F4B-BD65B005CCB7}.Release|Any CPU.ActiveCfg = Release|Any CPU
		{D95FC41F-7F75-41FD-9F4B-BD65B005CCB7}.Release|Any CPU.Build.0 = Release|Any CPU
	EndGlobalSection
	GlobalSection(SolutionProperties) = preSolution
		HideSolutionNode = FALSE
	EndGlobalSection
	GlobalSection(ExtensibilityGlobals) = postSolution
		SolutionGuid = {F7F3FE96-0529-41A7-8E9F-C2C12B4A4CDC}
	EndGlobalSection
EndGlobal
